
Microsoft Visual Studio Solution File, Format Version 12.00
# Visual Studio Version 17
VisualStudioVersion = 17.5.33627.172
MinimumVisualStudioVersion = 10.0.40219.1
Project("{9A19103F-16F7-4668-BE54-9A1E7A4F7556}") = "MyTool", "MyTool\MyTool.csproj", "{D0B438DB-59D3-4436-8B8C-9394E364948B}"
EndProject
Project("{FAE04EC0-301F-11D3-BF4B-00C04F79EFBC}") = "MyTool.Core", "MyTool.Core\MyTool.Core.csproj", "{AEB2F2E5-E23F-46F0-9C1B-357F634CAEEC}"
EndProject
Global
	GlobalSection(SolutionConfigurationPlatforms) = preSolution
		Debug|Any CPU = Debug|Any CPU
		Release|Any CPU = Release|Any CPU
	EndGlobalSection
	GlobalSection(ProjectConfigurationPlatforms) = postSolution
		{D0B438DB-59D3-4436-8B8C-9394E364948B}.Debug|Any CPU.ActiveCfg = Debug|Any CPU
		{D0B438DB-59D3-4436-8B8C-9394E364948B}.Debug|Any CPU.Build.0 = Debug|Any CPU
		{D0B438DB-59D3-4436-8B8C-9394E364948B}.Release|Any CPU.ActiveCfg = Release|Any CPU
		{D0B438DB-59D3-4436-8B8C-9394E364948B}.Release|Any CPU.Build.0 = Release|Any CPU
		{AEB2F2E5-E23F-46F0-9C1B-357F634CAEEC}.Debug|Any CPU.ActiveCfg = Debug|Any CPU
		{AEB2F2E5-E23F-46F0-9C1B-357F634CAEEC}.Debug|Any CPU.Build.0 = Debug|Any CPU
		{AEB2F2E5-E23F-46F0-9C1B-357F634CAEEC}.Release|Any CPU.ActiveCfg = Release|Any CPU
		{AEB2F2E5-E23F-46F0-9C1B-357F634CAEEC}.Release|Any CPU.Build.0 = Release|Any CPU
	EndGlobalSection
	GlobalSection(SolutionProperties) = preSolution
		HideSolutionNode = FALSE
	EndGlobalSection
	GlobalSection(ExtensibilityGlobals) = postSolution
		SolutionGuid = {BF01D783-A504-45E8-92FB-8526067204E7}
	EndGlobalSection
EndGlobal
